
Microsoft Visual Studio Solution File, Format Version 12.00
# Visual Studio Version 17
VisualStudioVersion = 17.0.31903.59
MinimumVisualStudioVersion = 10.0.40219.1
Project("{2150E333-8FDC-42A3-9474-1A3956D46DE8}") = "src", "src", "{6F3CA987-81B4-420C-BCFD-71BA5B4DF7D1}"
EndProject
Project("{FAE04EC0-301F-11D3-BF4B-00C04F79EFBC}") = "AngleSharp.Fuzz", "src\AngleSharp\AngleSharp.Fuzz.csproj", "{03B29B0F-F2D4-4AE3-9B41-E76D39BAF032}"
EndProject
Project("{FAE04EC0-301F-11D3-BF4B-00C04F79EFBC}") = "Bond.Fuzz", "src\Bond\Bond.Fuzz.csproj", "{C4CCFF56-058F-49C7-8FF1-170AF28D908D}"
EndProject
Project("{FAE04EC0-301F-11D3-BF4B-00C04F79EFBC}") = "BouncyCastle.Fuzz", "src\BouncyCastle\BouncyCastle.Fuzz.csproj", "{2D9A8BC8-1B9E-44D7-92EC-13A0A5A6DDA9}"
EndProject
Project("{FAE04EC0-301F-11D3-BF4B-00C04F79EFBC}") = "Google.Protobuf.Fuzz", "src\Google.Protobuf\Google.Protobuf.Fuzz.csproj", "{319D257A-E6C9-4B3E-9CAD-E34B5CF96207}"
EndProject
Project("{FAE04EC0-301F-11D3-BF4B-00C04F79EFBC}") = "GraphQL.Parser.Fuzz", "src\GraphQL.Parser\GraphQL.Parser.Fuzz.csproj", "{C97D2A9E-93C7-4389-83FB-C5B6A5F02B0F}"
EndProject
Project("{FAE04EC0-301F-11D3-BF4B-00C04F79EFBC}") = "HtmlAgilityPack.Fuzz", "src\HtmlAgilityPack\HtmlAgilityPack.Fuzz.csproj", "{086B2401-55F1-4C74-ADEC-4EFCEA1849BF}"
EndProject
Project("{FAE04EC0-301F-11D3-BF4B-00C04F79EFBC}") = "Markdig.Fuzz", "src\Markdig\Markdig.Fuzz.csproj", "{F2B1A7A0-4993-49B9-B672-4997A88649C7}"
EndProject
Project("{FAE04EC0-301F-11D3-BF4B-00C04F79EFBC}") = "MessagePack.Fuzz", "src\MessagePack\MessagePack.Fuzz.csproj", "{C17750B6-3ACA-4CCB-A6CA-386B9855F16B}"
EndProject
Project("{FAE04EC0-301F-11D3-BF4B-00C04F79EFBC}") = "Newtonsoft.Json.Fuzz", "src\Newtonsoft.Json\Newtonsoft.Json.Fuzz.csproj", "{ABAF3752-4845-4245-B12B-41D306B3C113}"
EndProject
Project("{FAE04EC0-301F-11D3-BF4B-00C04F79EFBC}") = "ProtobufNet.Fuzz", "src\ProtobufNet\ProtobufNet.Fuzz.csproj", "{6FB9F06B-C17E-4956-AE9A-CABBC2B3EC4A}"
EndProject
Project("{FAE04EC0-301F-11D3-BF4B-00C04F79EFBC}") = "YamlDotNet.Fuzz", "src\YamlDotNet\YamlDotNet.Fuzz.csproj", "{E3217371-716D-4370-98BC-F2361728AF5E}"
EndProject
Global
	GlobalSection(SolutionConfigurationPlatforms) = preSolution
		Debug|Any CPU = Debug|Any CPU
		Release|Any CPU = Release|Any CPU
	EndGlobalSection
	GlobalSection(SolutionProperties) = preSolution
		HideSolutionNode = FALSE
	EndGlobalSection
	GlobalSection(ProjectConfigurationPlatforms) = postSolution
		{03B29B0F-F2D4-4AE3-9B41-E76D39BAF032}.Debug|Any CPU.ActiveCfg = Debug|Any CPU
		{03B29B0F-F2D4-4AE3-9B41-E76D39BAF032}.Debug|Any CPU.Build.0 = Debug|Any CPU
		{03B29B0F-F2D4-4AE3-9B41-E76D39BAF032}.Release|Any CPU.ActiveCfg = Release|Any CPU
		{03B29B0F-F2D4-4AE3-9B41-E76D39BAF032}.Release|Any CPU.Build.0 = Release|Any CPU
		{C4CCFF56-058F-49C7-8FF1-170AF28D908D}.Debug|Any CPU.ActiveCfg = Debug|Any CPU
		{C4CCFF56-058F-49C7-8FF1-170AF28D908D}.Debug|Any CPU.Build.0 = Debug|Any CPU
		{C4CCFF56-058F-49C7-8FF1-170AF28D908D}.Release|Any CPU.ActiveCfg = Release|Any CPU
		{C4CCFF56-058F-49C7-8FF1-170AF28D908D}.Release|Any CPU.Build.0 = Release|Any CPU
		{2D9A8BC8-1B9E-44D7-92EC-13A0A5A6DDA9}.Debug|Any CPU.ActiveCfg = Debug|Any CPU
		{2D9A8BC8-1B9E-44D7-92EC-13A0A5A6DDA9}.Debug|Any CPU.Build.0 = Debug|Any CPU
		{2D9A8BC8-1B9E-44D7-92EC-13A0A5A6DDA9}.Release|Any CPU.ActiveCfg = Release|Any CPU
		{2D9A8BC8-1B9E-44D7-92EC-13A0A5A6DDA9}.Release|Any CPU.Build.0 = Release|Any CPU
		{319D257A-E6C9-4B3E-9CAD-E34B5CF96207}.Debug|Any CPU.ActiveCfg = Debug|Any CPU
		{319D257A-E6C9-4B3E-9CAD-E34B5CF96207}.Debug|Any CPU.Build.0 = Debug|Any CPU
		{319D257A-E6C9-4B3E-9CAD-E34B5CF96207}.Release|Any CPU.ActiveCfg = Release|Any CPU
		{319D257A-E6C9-4B3E-9CAD-E34B5CF96207}.Release|Any CPU.Build.0 = Release|Any CPU
		{C97D2A9E-93C7-4389-83FB-C5B6A5F02B0F}.Debug|Any CPU.ActiveCfg = Debug|Any CPU
		{C97D2A9E-93C7-4389-83FB-C5B6A5F02B0F}.Debug|Any CPU.Build.0 = Debug|Any CPU
		{C97D2A9E-93C7-4389-83FB-C5B6A5F02B0F}.Release|Any CPU.ActiveCfg = Release|Any CPU
		{C97D2A9E-93C7-4389-83FB-C5B6A5F02B0F}.Release|Any CPU.Build.0 = Release|Any CPU
		{086B2401-55F1-4C74-ADEC-4EFCEA1849BF}.Debug|Any CPU.ActiveCfg = Debug|Any CPU
		{086B2401-55F1-4C74-ADEC-4EFCEA1849BF}.Debug|Any CPU.Build.0 = Debug|Any CPU
		{086B2401-55F1-4C74-ADEC-4EFCEA1849BF}.Release|Any CPU.ActiveCfg = Release|Any CPU
		{086B2401-55F1-4C74-ADEC-4EFCEA1849BF}.Release|Any CPU.Build.0 = Release|Any CPU
		{F2B1A7A0-4993-49B9-B672-4997A88649C7}.Debug|Any CPU.ActiveCfg = Debug|Any CPU
		{F2B1A7A0-4993-49B9-B672-4997A88649C7}.Debug|Any CPU.Build.0 = Debug|Any CPU
		{F2B1A7A0-4993-49B9-B672-4997A88649C7}.Release|Any CPU.ActiveCfg = Release|Any CPU
		{F2B1A7A0-4993-49B9-B672-4997A88649C7}.Release|Any CPU.Build.0 = Release|Any CPU
		{C17750B6-3ACA-4CCB-A6CA-386B9855F16B}.Debug|Any CPU.ActiveCfg = Debug|Any CPU
		{C17750B6-3ACA-4CCB-A6CA-386B9855F16B}.Debug|Any CPU.Build.0 = Debug|Any CPU
		{C17750B6-3ACA-4CCB-A6CA-386B9855F16B}.Release|Any CPU.ActiveCfg = Release|Any CPU
		{C17750B6-3ACA-4CCB-A6CA-386B9855F16B}.Release|Any CPU.Build.0 = Release|Any CPU
		{ABAF3752-4845-4245-B12B-41D306B3C113}.Debug|Any CPU.ActiveCfg = Debug|Any CPU
		{ABAF3752-4845-4245-B12B-41D306B3C113}.Debug|Any CPU.Build.0 = Debug|Any CPU
		{ABAF3752-4845-4245-B12B-41D306B3C113}.Release|Any CPU.ActiveCfg = Release|Any CPU
		{ABAF3752-4845-4245-B12B-41D306B3C113}.Release|Any CPU.Build.0 = Release|Any CPU
		{6FB9F06B-C17E-4956-AE9A-CABBC2B3EC4A}.Debug|Any CPU.ActiveCfg = Debug|Any CPU
		{6FB9F06B-C17E-4956-AE9A-CABBC2B3EC4A}.Debug|Any CPU.Build.0 = Debug|Any CPU
		{6FB9F06B-C17E-4956-AE9A-CABBC2B3EC4A}.Release|Any CPU.ActiveCfg = Release|Any CPU
		{6FB9F06B-C17E-4956-AE9A-CABBC2B3EC4A}.Release|Any CPU.Build.0 = Release|Any CPU
		{E3217371-716D-4370-98BC-F2361728AF5E}.Debug|Any CPU.ActiveCfg = Debug|Any CPU
		{E3217371-716D-4370-98BC-F2361728AF5E}.Debug|Any CPU.Build.0 = Debug|Any CPU
		{E3217371-716D-4370-98BC-F2361728AF5E}.Release|Any CPU.ActiveCfg = Release|Any CPU
		{E3217371-716D-4370-98BC-F2361728AF5E}.Release|Any CPU.Build.0 = Release|Any CPU
	EndGlobalSection
	GlobalSection(NestedProjects) = preSolution
		{03B29B0F-F2D4-4AE3-9B41-E76D39BAF032} = {6F3CA987-81B4-420C-BCFD-71BA5B4DF7D1}
		{C4CCFF56-058F-49C7-8FF1-170AF28D908D} = {6F3CA987-81B4-420C-BCFD-71BA5B4DF7D1}
		{2D9A8BC8-1B9E-44D7-92EC-13A0A5A6DDA9} = {6F3CA987-81B4-420C-BCFD-71BA5B4DF7D1}
		{319D257A-E6C9-4B3E-9CAD-E34B5CF96207} = {6F3CA987-81B4-420C-BCFD-71BA5B4DF7D1}
		{C97D2A9E-93C7-4389-83FB-C5B6A5F02B0F} = {6F3CA987-81B4-420C-BCFD-71BA5B4DF7D1}
		{086B2401-55F1-4C74-ADEC-4EFCEA1849BF} = {6F3CA987-81B4-420C-BCFD-71BA5B4DF7D1}
		{F2B1A7A0-4993-49B9-B672-4997A88649C7} = {6F3CA987-81B4-420C-BCFD-71BA5B4DF7D1}
		{C17750B6-3ACA-4CCB-A6CA-386B9855F16B} = {6F3CA987-81B4-420C-BCFD-71BA5B4DF7D1}
		{ABAF3752-4845-4245-B12B-41D306B3C113} = {6F3CA987-81B4-420C-BCFD-71BA5B4DF7D1}
		{6FB9F06B-C17E-4956-AE9A-CABBC2B3EC4A} = {6F3CA987-81B4-420C-BCFD-71BA5B4DF7D1}
		{E3217371-716D-4370-98BC-F2361728AF5E} = {6F3CA987-81B4-420C-BCFD-71BA5B4DF7D1}
	EndGlobalSection
EndGlobal
